
Microsoft Visual Studio Solution File, Format Version 12.00
# Visual Studio Version 17
VisualStudioVersion = 17.8.34525.116
MinimumVisualStudioVersion = 10.0.40219.1
Project("{9A19103F-16F7-4668-BE54-9A1E7A4F7556}") = "StudentList", "StudentList.csproj", "{4D7A4817-240C-4F18-BAE7-3F683856D96E}"
EndProject
Global
	GlobalSection(SolutionConfigurationPlatforms) = preSolution
		Debug|Any CPU = Debug|Any CPU
		Release|Any CPU = Release|Any CPU
	EndGlobalSection
	GlobalSection(ProjectConfigurationPlatforms) = postSolution
		{4D7A4817-240C-4F18-BAE7-3F683856D96E}.Debug|Any CPU.ActiveCfg = Debug|Any CPU
		{4D7A4817-240C-4F18-BAE7-3F683856D96E}.Debug|Any CPU.Build.0 = Debug|Any CPU
		{4D7A4817-240C-4F18-BAE7-3F683856D96E}.Release|Any CPU.ActiveCfg = Release|Any CPU
		{4D7A4817-240C-4F18-BAE7-3F683856D96E}.Release|Any CPU.Build.0 = Release|Any CPU
	EndGlobalSection
	GlobalSection(SolutionProperties) = preSolution
		HideSolutionNode = FALSE
	EndGlobalSection
	GlobalSection(ExtensibilityGlobals) = postSolution
		SolutionGuid = {BF0C4D5B-B23D-4C55-BA07-203CC1377250}
	EndGlobalSection
EndGlobal
